// !$*UTF8*$!
{
	archiveVersion = 1;
	classes = {
	};
	objectVersion = 56;
	objects = {

/* Begin PBXBuildFile section */
		BAEC916B2C16BAD600EF0568 /* HistoryView.swift in Sources */ = {isa = PBXBuildFile; fileRef = BAEC916A2C16BAD600EF0568 /* HistoryView.swift */; };
		BAEC916F2C16F4D100EF0568 /* SwiftUIView.swift in Sources */ = {isa = PBXBuildFile; fileRef = BAEC916E2C16F4D100EF0568 /* SwiftUIView.swift */; };
		BAF459D42C1063BF0073D51D /* GeminiAIApp.swift in Sources */ = {isa = PBXBuildFile; fileRef = BAF459D32C1063BF0073D51D /* GeminiAIApp.swift */; };
		BAF459D62C1063BF0073D51D /* ContentView.swift in Sources */ = {isa = PBXBuildFile; fileRef = BAF459D52C1063BF0073D51D /* ContentView.swift */; };
		BAF459D82C1063C00073D51D /* Assets.xcassets in Resources */ = {isa = PBXBuildFile; fileRef = BAF459D72C1063C00073D51D /* Assets.xcassets */; };
		BAF459DB2C1063C00073D51D /* Preview Assets.xcassets in Resources */ = {isa = PBXBuildFile; fileRef = BAF459DA2C1063C00073D51D /* Preview Assets.xcassets */; };
		BAF459E32C10640A0073D51D /* GoogleGenerativeAI in Frameworks */ = {isa = PBXBuildFile; productRef = BAF459E22C10640A0073D51D /* GoogleGenerativeAI */; };
		BAF459E92C1064A70073D51D /* GenerativeAI-Info.plist in Resources */ = {isa = PBXBuildFile; fileRef = BAF459E82C1064A70073D51D /* GenerativeAI-Info.plist */; };
		BAF459EB2C1064E70073D51D /* APIKey.swift in Sources */ = {isa = PBXBuildFile; fileRef = BAF459EA2C1064E70073D51D /* APIKey.swift */; };
/* End PBXBuildFile section */

/* Begin PBXFileReference section */
		BAEC916A2C16BAD600EF0568 /* HistoryView.swift */ = {isa = PBXFileReference; lastKnownFileType = sourcecode.swift; path = HistoryView.swift; sourceTree = "<group>"; };
		BAEC916E2C16F4D100EF0568 /* SwiftUIView.swift */ = {isa = PBXFileReference; lastKnownFileType = sourcecode.swift; path = SwiftUIView.swift; sourceTree = "<group>"; };
		BAF459D02C1063BF0073D51D /* GeminiAI.app */ = {isa = PBXFileReference; explicitFileType = wrapper.application; includeInIndex = 0; path = GeminiAI.app; sourceTree = BUILT_PRODUCTS_DIR; };
		BAF459D32C1063BF0073D51D /* GeminiAIApp.swift */ = {isa = PBXFileReference; lastKnownFileType = sourcecode.swift; path = GeminiAIApp.swift; sourceTree = "<group>"; };
		BAF459D52C1063BF0073D51D /* ContentView.swift */ = {isa = PBXFileReference; lastKnownFileType = sourcecode.swift; path = ContentView.swift; sourceTree = "<group>"; };
		BAF459D72C1063C00073D51D /* Assets.xcassets */ = {isa = PBXFileReference; lastKnownFileType = folder.assetcatalog; path = Assets.xcassets; sourceTree = "<group>"; };
		BAF459DA2C1063C00073D51D /* Preview Assets.xcassets */ = {isa = PBXFileReference; lastKnownFileType = folder.assetcatalog; path = "Preview Assets.xcassets"; sourceTree = "<group>"; };
		BAF459E82C1064A70073D51D /* GenerativeAI-Info.plist */ = {isa = PBXFileReference; lastKnownFileType = text.plist.xml; path = "GenerativeAI-Info.plist"; sourceTree = "<group>"; };
		BAF459EA2C1064E70073D51D /* APIKey.swift */ = {isa = PBXFileReference; lastKnownFileType = sourcecode.swift; path = APIKey.swift; sourceTree = "<group>"; };
/* End PBXFileReference section */

/* Begin PBXFrameworksBuildPhase section */
		BAF459CD2C1063BF0073D51D /* Frameworks */ = {
			isa = PBXFrameworksBuildPhase;
			buildActionMask = 2147483647;
			files = (
				BAF459E32C10640A0073D51D /* GoogleGenerativeAI in Frameworks */,
			);
			runOnlyForDeploymentPostprocessing = 0;
		};
/* End PBXFrameworksBuildPhase section */

/* Begin PBXGroup section */
		BAF459C72C1063BF0073D51D = {
			isa = PBXGroup;
			children = (
				BAF459D22C1063BF0073D51D /* GeminiAI */,
				BAF459D12C1063BF0073D51D /* Products */,
			);
			sourceTree = "<group>";
		};
		BAF459D12C1063BF0073D51D /* Products */ = {
			isa = PBXGroup;
			children = (
				BAF459D02C1063BF0073D51D /* GeminiAI.app */,
			);
			name = Products;
			sourceTree = "<group>";
		};
		BAF459D22C1063BF0073D51D /* GeminiAI */ = {
			isa = PBXGroup;
			children = (
				BAF459D32C1063BF0073D51D /* GeminiAIApp.swift */,
				BAF459D52C1063BF0073D51D /* ContentView.swift */,
				BAEC916E2C16F4D100EF0568 /* SwiftUIView.swift */,
				BAEC916A2C16BAD600EF0568 /* HistoryView.swift */,
				BAF459D72C1063C00073D51D /* Assets.xcassets */,
				BAF459D92C1063C00073D51D /* Preview Content */,
				BAF459E82C1064A70073D51D /* GenerativeAI-Info.plist */,
				BAF459EA2C1064E70073D51D /* APIKey.swift */,
			);
			path = GeminiAI;
			sourceTree = "<group>";
		};
		BAF459D92C1063C00073D51D /* Preview Content */ = {
			isa = PBXGroup;
			children = (
				BAF459DA2C1063C00073D51D /* Preview Assets.xcassets */,
			);
			path = "Preview Content";
			sourceTree = "<group>";
		};
/* End PBXGroup section */

/* Begin PBXNativeTarget section */
		BAF459CF2C1063BF0073D51D /* GeminiAI */ = {
			isa = PBXNativeTarget;
			buildConfigurationList = BAF459DE2C1063C00073D51D /* Build configuration list for PBXNativeTarget "GeminiAI" */;
			buildPhases = (
				BAF459CC2C1063BF0073D51D /* Sources */,
				BAF459CD2C1063BF0073D51D /* Frameworks */,
				BAF459CE2C1063BF0073D51D /* Resources */,
			);
			buildRules = (
			);
			dependencies = (
			);
			name = GeminiAI;
			packageProductDependencies = (
				BAF459E22C10640A0073D51D /* GoogleGenerativeAI */,
			);
			productName = GeminiAI;
			productReference = BAF459D02C1063BF0073D51D /* GeminiAI.app */;
			productType = "com.apple.product-type.application";
		};
/* End PBXNativeTarget section */

/* Begin PBXProject section */
		BAF459C82C1063BF0073D51D /* Project object */ = {
			isa = PBXProject;
			attributes = {
				BuildIndependentTargetsInParallel = 1;
				LastSwiftUpdateCheck = 1520;
				LastUpgradeCheck = 1520;
				TargetAttributes = {
					BAF459CF2C1063BF0073D51D = {
						CreatedOnToolsVersion = 15.2;
					};
				};
			};
			buildConfigurationList = BAF459CB2C1063BF0073D51D /* Build configuration list for PBXProject "GeminiAI" */;
			compatibilityVersion = "Xcode 14.0";
			developmentRegion = en;
			hasScannedForEncodings = 0;
			knownRegions = (
				en,
				Base,
			);
			mainGroup = BAF459C72C1063BF0073D51D;
			packageReferences = (
				BAF459E12C10640A0073D51D /* XCRemoteSwiftPackageReference "generative-ai-swift" */,
			);
			productRefGroup = BAF459D12C1063BF0073D51D /* Products */;
			projectDirPath = "";
			projectRoot = "";
			targets = (
				BAF459CF2C1063BF0073D51D /* GeminiAI */,
			);
		};
/* End PBXProject section */

/* Begin PBXResourcesBuildPhase section */
		BAF459CE2C1063BF0073D51D /* Resources */ = {
			isa = PBXResourcesBuildPhase;
			buildActionMask = 2147483647;
			files = (
				BAF459DB2C1063C00073D51D /* Preview Assets.xcassets in Resources */,
				BAF459D82C1063C00073D51D /* Assets.xcassets in Resources */,
				BAF459E92C1064A70073D51D /* GenerativeAI-Info.plist in Resources */,
			);
			runOnlyForDeploymentPostprocessing = 0;
		};
/* End PBXResourcesBuildPhase section */

/* Begin PBXSourcesBuildPhase section */
		BAF459CC2C1063BF0073D51D /* Sources */ = {
			isa = PBXSourcesBuildPhase;
			buildActionMask = 2147483647;
			files = (
				BAF459D62C1063BF0073D51D /* ContentView.swift in Sources */,
				BAEC916B2C16BAD600EF0568 /* HistoryView.swift in Sources */,
				BAF459EB2C1064E70073D51D /* APIKey.swift in Sources */,
				BAF459D42C1063BF0073D51D /* GeminiAIApp.swift in Sources */,
				BAEC916F2C16F4D100EF0568 /* SwiftUIView.swift in Sources */,
			);
			runOnlyForDeploymentPostprocessing = 0;
		};
/* End PBXSourcesBuildPhase section */

/* Begin XCBuildConfiguration section */
		BAF459DC2C1063C00073D51D /* Debug */ = {
			isa = XCBuildConfiguration;
			buildSettings = {
				ALWAYS_SEARCH_USER_PATHS = NO;
				ASSETCATALOG_COMPILER_GENERATE_SWIFT_ASSET_SYMBOL_EXTENSIONS = YES;
				CLANG_ANALYZER_NONNULL = YES;
				CLANG_ANALYZER_NUMBER_OBJECT_CONVERSION = YES_AGGRESSIVE;
				CLANG_CXX_LANGUAGE_STANDARD = "gnu++20";
				CLANG_ENABLE_MODULES = YES;
				CLANG_ENABLE_OBJC_ARC = YES;
				CLANG_ENABLE_OBJC_WEAK = YES;
				CLANG_WARN_BLOCK_CAPTURE_AUTORELEASING = YES;
				CLANG_WARN_BOOL_CONVERSION = YES;
				CLANG_WARN_COMMA = YES;
				CLANG_WARN_CONSTANT_CONVERSION = YES;
				CLANG_WARN_DEPRECATED_OBJC_IMPLEMENTATIONS = YES;
				CLANG_WARN_DIRECT_OBJC_ISA_USAGE = YES_ERROR;
				CLANG_WARN_DOCUMENTATION_COMMENTS = YES;
				CLANG_WARN_EMPTY_BODY = YES;
				CLANG_WARN_ENUM_CONVERSION = YES;
				CLANG_WARN_INFINITE_RECURSION = YES;
				CLANG_WARN_INT_CONVERSION = YES;
				CLANG_WARN_NON_LITERAL_NULL_CONVERSION = YES;
				CLANG_WARN_OBJC_IMPLICIT_RETAIN_SELF = YES;
				CLANG_WARN_OBJC_LITERAL_CONVERSION = YES;
				CLANG_WARN_OBJC_ROOT_CLASS = YES_ERROR;
				CLANG_WARN_QUOTED_INCLUDE_IN_FRAMEWORK_HEADER = YES;
				CLANG_WARN_RANGE_LOOP_ANALYSIS = YES;
				CLANG_WARN_STRICT_PROTOTYPES = YES;
				CLANG_WARN_SUSPICIOUS_MOVE = YES;
				CLANG_WARN_UNGUARDED_AVAILABILITY = YES_AGGRESSIVE;
				CLANG_WARN_UNREACHABLE_CODE = YES;
				CLANG_WARN__DUPLICATE_METHOD_MATCH = YES;
				COPY_PHASE_STRIP = NO;
				DEBUG_INFORMATION_FORMAT = dwarf;
				ENABLE_STRICT_OBJC_MSGSEND = YES;
				ENABLE_TESTABILITY = YES;
				ENABLE_USER_SCRIPT_SANDBOXING = YES;
				GCC_C_LANGUAGE_STANDARD = gnu17;
				GCC_DYNAMIC_NO_PIC = NO;
				GCC_NO_COMMON_BLOCKS = YES;
				GCC_OPTIMIZATION_LEVEL = 0;
				GCC_PREPROCESSOR_DEFINITIONS = (
					"DEBUG=1",
					"$(inherited)",
				);
				GCC_WARN_64_TO_32_BIT_CONVERSION = YES;
				GCC_WARN_ABOUT_RETURN_TYPE = YES_ERROR;
				GCC_WARN_UNDECLARED_SELECTOR = YES;
				GCC_WARN_UNINITIALIZED_AUTOS = YES_AGGRESSIVE;
				GCC_WARN_UNUSED_FUNCTION = YES;
				GCC_WARN_UNUSED_VARIABLE = YES;
				IPHONEOS_DEPLOYMENT_TARGET = 17.2;
				LOCALIZATION_PREFERS_STRING_CATALOGS = YES;
				MTL_ENABLE_DEBUG_INFO = INCLUDE_SOURCE;
				MTL_FAST_MATH = YES;
				ONLY_ACTIVE_ARCH = YES;
				SDKROOT = iphoneos;
				SWIFT_ACTIVE_COMPILATION_CONDITIONS = "DEBUG $(inherited)";
				SWIFT_OPTIMIZATION_LEVEL = "-Onone";
			};
			name = Debug;
		};
		BAF459DD2C1063C00073D51D /* Release */ = {
			isa = XCBuildConfiguration;
			buildSettings = {
				ALWAYS_SEARCH_USER_PATHS = NO;
				ASSETCATALOG_COMPILER_GENERATE_SWIFT_ASSET_SYMBOL_EXTENSIONS = YES;
				CLANG_ANALYZER_NONNULL = YES;
				CLANG_ANALYZER_NUMBER_OBJECT_CONVERSION = YES_AGGRESSIVE;
				CLANG_CXX_LANGUAGE_STANDARD = "gnu++20";
				CLANG_ENABLE_MODULES = YES;
				CLANG_ENABLE_OBJC_ARC = YES;
				CLANG_ENABLE_OBJC_WEAK = YES;
				CLANG_WARN_BLOCK_CAPTURE_AUTORELEASING = YES;
				CLANG_WARN_BOOL_CONVERSION = YES;
				CLANG_WARN_COMMA = YES;
				CLANG_WARN_CONSTANT_CONVERSION = YES;
				CLANG_WARN_DEPRECATED_OBJC_IMPLEMENTATIONS = YES;
				CLANG_WARN_DIRECT_OBJC_ISA_USAGE = YES_ERROR;
				CLANG_WARN_DOCUMENTATION_COMMENTS = YES;
				CLANG_WARN_EMPTY_BODY = YES;
				CLANG_WARN_ENUM_CONVERSION = YES;
				CLANG_WARN_INFINITE_RECURSION = YES;
				CLANG_WARN_INT_CONVERSION = YES;
				CLANG_WARN_NON_LITERAL_NULL_CONVERSION = YES;
				CLANG_WARN_OBJC_IMPLICIT_RETAIN_SELF = YES;
				CLANG_WARN_OBJC_LITERAL_CONVERSION = YES;
				CLANG_WARN_OBJC_ROOT_CLASS = YES_ERROR;
				CLANG_WARN_QUOTED_INCLUDE_IN_FRAMEWORK_HEADER = YES;
				CLANG_WARN_RANGE_LOOP_ANALYSIS = YES;
				CLANG_WARN_STRICT_PROTOTYPES = YES;
				CLANG_WARN_SUSPICIOUS_MOVE = YES;
				CLANG_WARN_UNGUARDED_AVAILABILITY = YES_AGGRESSIVE;
				CLANG_WARN_UNREACHABLE_CODE = YES;
				CLANG_WARN__DUPLICATE_METHOD_MATCH = YES;
				COPY_PHASE_STRIP = NO;
				DEBUG_INFORMATION_FORMAT = "dwarf-with-dsym";
				ENABLE_NS_ASSERTIONS = NO;
				ENABLE_STRICT_OBJC_MSGSEND = YES;
				ENABLE_USER_SCRIPT_SANDBOXING = YES;
				GCC_C_LANGUAGE_STANDARD = gnu17;
				GCC_NO_COMMON_BLOCKS = YES;
				GCC_WARN_64_TO_32_BIT_CONVERSION = YES;
				GCC_WARN_ABOUT_RETURN_TYPE = YES_ERROR;
				GCC_WARN_UNDECLARED_SELECTOR = YES;
				GCC_WARN_UNINITIALIZED_AUTOS = YES_AGGRESSIVE;
				GCC_WARN_UNUSED_FUNCTION = YES;
				GCC_WARN_UNUSED_VARIABLE = YES;
				IPHONEOS_DEPLOYMENT_TARGET = 17.2;
				LOCALIZATION_PREFERS_STRING_CATALOGS = YES;
				MTL_ENABLE_DEBUG_INFO = NO;
				MTL_FAST_MATH = YES;
				SDKROOT = iphoneos;
				SWIFT_COMPILATION_MODE = wholemodule;
				VALIDATE_PRODUCT = YES;
			};
			name = Release;
		};
		BAF459DF2C1063C00073D51D /* Debug */ = {
			isa = XCBuildConfiguration;
			buildSettings = {
				ASSETCATALOG_COMPILER_APPICON_NAME = AppIcon;
				ASSETCATALOG_COMPILER_GLOBAL_ACCENT_COLOR_NAME = AccentColor;
				CODE_SIGN_STYLE = Automatic;
				CURRENT_PROJECT_VERSION = 1;
				DEVELOPMENT_ASSET_PATHS = "\"GeminiAI/Preview Content\"";
				DEVELOPMENT_TEAM = WZ5L2T76C6;
				ENABLE_PREVIEWS = YES;
				GENERATE_INFOPLIST_FILE = YES;
				INFOPLIST_KEY_UIApplicationSceneManifest_Generation = YES;
				INFOPLIST_KEY_UIApplicationSupportsIndirectInputEvents = YES;
				INFOPLIST_KEY_UILaunchScreen_Generation = YES;
				INFOPLIST_KEY_UISupportedInterfaceOrientations_iPad = "UIInterfaceOrientationPortrait UIInterfaceOrientationPortraitUpsideDown UIInterfaceOrientationLandscapeLeft UIInterfaceOrientationLandscapeRight";
				INFOPLIST_KEY_UISupportedInterfaceOrientations_iPhone = "UIInterfaceOrientationPortrait UIInterfaceOrientationLandscapeLeft UIInterfaceOrientationLandscapeRight";
				LD_RUNPATH_SEARCH_PATHS = (
					"$(inherited)",
					"@executable_path/Frameworks",
				);
				MARKETING_VERSION = 1.0;
				PRODUCT_BUNDLE_IDENTIFIER = AI.GeminiAI;
				PRODUCT_NAME = "$(TARGET_NAME)";
				SWIFT_EMIT_LOC_STRINGS = YES;
				SWIFT_VERSION = 5.0;
				TARGETED_DEVICE_FAMILY = "1,2";
			};
			name = Debug;
		};
		BAF459E02C1063C00073D51D /* Release */ = {
			isa = XCBuildConfiguration;
			buildSettings = {
				ASSETCATALOG_COMPILER_APPICON_NAME = AppIcon;
				ASSETCATALOG_COMPILER_GLOBAL_ACCENT_COLOR_NAME = AccentColor;
				CODE_SIGN_STYLE = Automatic;
				CURRENT_PROJECT_VERSION = 1;
				DEVELOPMENT_ASSET_PATHS = "\"GeminiAI/Preview Content\"";
				DEVELOPMENT_TEAM = WZ5L2T76C6;
				ENABLE_PREVIEWS = YES;
				GENERATE_INFOPLIST_FILE = YES;
				INFOPLIST_KEY_UIApplicationSceneManifest_Generation = YES;
				INFOPLIST_KEY_UIApplicationSupportsIndirectInputEvents = YES;
				INFOPLIST_KEY_UILaunchScreen_Generation = YES;
				INFOPLIST_KEY_UISupportedInterfaceOrientations_iPad = "UIInterfaceOrientationPortrait UIInterfaceOrientationPortraitUpsideDown UIInterfaceOrientationLandscapeLeft UIInterfaceOrientationLandscapeRight";
				INFOPLIST_KEY_UISupportedInterfaceOrientations_iPhone = "UIInterfaceOrientationPortrait UIInterfaceOrientationLandscapeLeft UIInterfaceOrientationLandscapeRight";
				LD_RUNPATH_SEARCH_PATHS = (
					"$(inherited)",
					"@executable_path/Frameworks",
				);
				MARKETING_VERSION = 1.0;
				PRODUCT_BUNDLE_IDENTIFIER = AI.GeminiAI;
				PRODUCT_NAME = "$(TARGET_NAME)";
				SWIFT_EMIT_LOC_STRINGS = YES;
				SWIFT_VERSION = 5.0;
				TARGETED_DEVICE_FAMILY = "1,2";
			};
			name = Release;
		};
/* End XCBuildConfiguration section */

/* Begin XCConfigurationList section */
		BAF459CB2C1063BF0073D51D /* Build configuration list for PBXProject "GeminiAI" */ = {
			isa = XCConfigurationList;
			buildConfigurations = (
				BAF459DC2C1063C00073D51D /* Debug */,
				BAF459DD2C1063C00073D51D /* Release */,
			);
			defaultConfigurationIsVisible = 0;
			defaultConfigurationName = Release;
		};
		BAF459DE2C1063C00073D51D /* Build configuration list for PBXNativeTarget "GeminiAI" */ = {
			isa = XCConfigurationList;
			buildConfigurations = (
				BAF459DF2C1063C00073D51D /* Debug */,
				BAF459E02C1063C00073D51D /* Release */,
			);
			defaultConfigurationIsVisible = 0;
			defaultConfigurationName = Release;
		};
/* End XCConfigurationList section */

/* Begin XCRemoteSwiftPackageReference section */
		BAF459E12C10640A0073D51D /* XCRemoteSwiftPackageReference "generative-ai-swift" */ = {
			isa = XCRemoteSwiftPackageReference;
			repositoryURL = "https://github.com/google-gemini/generative-ai-swift.git";
			requirement = {
				kind = upToNextMajorVersion;
				minimumVersion = 0.5.4;
			};
		};
/* End XCRemoteSwiftPackageReference section */

/* Begin XCSwiftPackageProductDependency section */
		BAF459E22C10640A0073D51D /* GoogleGenerativeAI */ = {
			isa = XCSwiftPackageProductDependency;
			package = BAF459E12C10640A0073D51D /* XCRemoteSwiftPackageReference "generative-ai-swift" */;
			productName = GoogleGenerativeAI;
		};
/* End XCSwiftPackageProductDependency section */
	};
	rootObject = BAF459C82C1063BF0073D51D /* Project object */;
}
